{
  "name": "iotaseed",
  "version": "1.0.0",
  "lockfileVersion": 1,
  "requires": true,
  "dependencies": {
    "rndmjs": {
      "version": "1.1.1",
      "resolved": "https://registry.npmjs.org/rndmjs/-/rndmjs-1.1.1.tgz",
      "integrity": "sha512-Zyo4LASfCoEZsLtc/5t2j21vmvAKzPeLyn62CYnH2lx4XuJuFIguakVKwx/pa2QtvzTom0kxj+vEnSyz+9wRqQ=="
    }
  }
}
